
Microsoft Visual Studio Solution File, Format Version 12.00
# Visual Studio Version 16
VisualStudioVersion = 16.0.30413.136
MinimumVisualStudioVersion = 10.0.40219.1
Project("{FAE04EC0-301F-11D3-BF4B-00C04F79EFBC}") = "Story", "Story\Story.csproj", "{65DA666E-D3AA-459A-9456-55586799E420}"
EndProject
Global
	GlobalSection(SolutionConfigurationPlatforms) = preSolution
		Debug|Any CPU = Debug|Any CPU
		Release|Any CPU = Release|Any CPU
	EndGlobalSection
	GlobalSection(ProjectConfigurationPlatforms) = postSolution
		{65DA666E-D3AA-459A-9456-55586799E420}.Debug|Any CPU.ActiveCfg = Debug|Any CPU
		{65DA666E-D3AA-459A-9456-55586799E420}.Debug|Any CPU.Build.0 = Debug|Any CPU
		{65DA666E-D3AA-459A-9456-55586799E420}.Release|Any CPU.ActiveCfg = Release|Any CPU
		{65DA666E-D3AA-459A-9456-55586799E420}.Release|Any CPU.Build.0 = Release|Any CPU
	EndGlobalSection
	GlobalSection(SolutionProperties) = preSolution
		HideSolutionNode = FALSE
	EndGlobalSection
	GlobalSection(ExtensibilityGlobals) = postSolution
		SolutionGuid = {3393E30C-4D41-43E2-9901-B61424479C0F}
	EndGlobalSection
EndGlobal
